<Solution>
  <Project Path="D:/Wipro_Training/Day2_Program1/Day2_Case Study 2/Day2_Case Study 2.csproj" />
  <Project Path="D:/Wipro_Training/Day2_Program1/Day2_Case Study/Day2_Case Study.csproj" />
  <Project Path="D:/Wipro_Training/Day2_Program1/Day2_Program1/Day2_Program1.csproj" />
  <Project Path="D:/Wipro_Training/Day2_Program1/Day2_Program2/Day2_Program2.csproj" />
  <Project Path="D:/Wipro_Training/Day2_Program1/OrderManagementSystem_Case Study/OrderManagementSystem_Case Study.csproj" Id="33ef8d6e-741d-4a4f-8b67-26d24b02cc44" />
</Solution>
